
Microsoft Visual Studio Solution File, Format Version 12.00
# Visual Studio Version 16
VisualStudioVersion = 16.0.29215.179
MinimumVisualStudioVersion = 10.0.40219.1
Project("{9A19103F-16F7-4668-BE54-9A1E7A4F7556}") = "pepega-bot", "pepega-bot\pepega-bot.csproj", "{C47F231E-64EC-4DB5-B611-CD73504DC0EB}"
EndProject
Global
	GlobalSection(SolutionConfigurationPlatforms) = preSolution
		Debug|Any CPU = Debug|Any CPU
		Release|Any CPU = Release|Any CPU
	EndGlobalSection
	GlobalSection(ProjectConfigurationPlatforms) = postSolution
		{C47F231E-64EC-4DB5-B611-CD73504DC0EB}.Debug|Any CPU.ActiveCfg = Debug|Any CPU
		{C47F231E-64EC-4DB5-B611-CD73504DC0EB}.Debug|Any CPU.Build.0 = Debug|Any CPU
		{C47F231E-64EC-4DB5-B611-CD73504DC0EB}.Release|Any CPU.ActiveCfg = Release|Any CPU
		{C47F231E-64EC-4DB5-B611-CD73504DC0EB}.Release|Any CPU.Build.0 = Release|Any CPU
	EndGlobalSection
	GlobalSection(SolutionProperties) = preSolution
		HideSolutionNode = FALSE
	EndGlobalSection
	GlobalSection(ExtensibilityGlobals) = postSolution
		SolutionGuid = {5383D718-D3C3-449F-9881-BBC005D2B8AD}
	EndGlobalSection
EndGlobal
